
Microsoft Visual Studio Solution File, Format Version 12.00
Project("{2150E333-8FDC-42A3-9474-1A3956D46DE8}") = "Publisher", "Publisher", "{E185B05C-4086-4E0B-9644-A9E05AE8A651}"
EndProject
Project("{2150E333-8FDC-42A3-9474-1A3956D46DE8}") = "Subscriber", "Subscriber", "{43E1EDCF-F145-4DA6-911A-2823640AA380}"
EndProject
Project("{2150E333-8FDC-42A3-9474-1A3956D46DE8}") = "API", "API", "{D60D1EB2-949B-46A5-AFF2-4B459A9B3C00}"
EndProject
Project("{FAE04EC0-301F-11D3-BF4B-00C04F79EFBC}") = "Publisher", "Publisher\Publisher.csproj", "{FDDA7C99-9D4A-4D77-893B-E5C046A900C1}"
EndProject
Project("{FAE04EC0-301F-11D3-BF4B-00C04F79EFBC}") = "PedidoSubscriber", "PedidoSubscriber\PedidoSubscriber.csproj", "{B394B431-0B82-4F71-84EB-D7C55E3B9993}"
EndProject
Project("{FAE04EC0-301F-11D3-BF4B-00C04F79EFBC}") = "DespachoSubscriber", "DespachoSubscriber\DespachoSubscriber.csproj", "{66DDF0A9-BFE8-4BAD-BB1F-2750B6C41BE8}"
EndProject
Project("{FAE04EC0-301F-11D3-BF4B-00C04F79EFBC}") = "PedidoAPI", "PedidoAPI\PedidoAPI.csproj", "{206132E4-F1DD-432A-BA54-1F5D7FC12611}"
EndProject
Project("{FAE04EC0-301F-11D3-BF4B-00C04F79EFBC}") = "DespachoAPI", "DespachoAPI\DespachoAPI.csproj", "{1EE7E28B-057C-4D10-AE40-4CFFEE87B6FC}"
EndProject
Global
	GlobalSection(SolutionConfigurationPlatforms) = preSolution
		Debug|Any CPU = Debug|Any CPU
		Release|Any CPU = Release|Any CPU
	EndGlobalSection
	GlobalSection(NestedProjects) = preSolution
		{FDDA7C99-9D4A-4D77-893B-E5C046A900C1} = {E185B05C-4086-4E0B-9644-A9E05AE8A651}
		{B394B431-0B82-4F71-84EB-D7C55E3B9993} = {43E1EDCF-F145-4DA6-911A-2823640AA380}
		{66DDF0A9-BFE8-4BAD-BB1F-2750B6C41BE8} = {43E1EDCF-F145-4DA6-911A-2823640AA380}
		{206132E4-F1DD-432A-BA54-1F5D7FC12611} = {D60D1EB2-949B-46A5-AFF2-4B459A9B3C00}
		{1EE7E28B-057C-4D10-AE40-4CFFEE87B6FC} = {D60D1EB2-949B-46A5-AFF2-4B459A9B3C00}
	EndGlobalSection
	GlobalSection(ProjectConfigurationPlatforms) = postSolution
		{FDDA7C99-9D4A-4D77-893B-E5C046A900C1}.Debug|Any CPU.ActiveCfg = Debug|Any CPU
		{FDDA7C99-9D4A-4D77-893B-E5C046A900C1}.Debug|Any CPU.Build.0 = Debug|Any CPU
		{FDDA7C99-9D4A-4D77-893B-E5C046A900C1}.Release|Any CPU.ActiveCfg = Release|Any CPU
		{FDDA7C99-9D4A-4D77-893B-E5C046A900C1}.Release|Any CPU.Build.0 = Release|Any CPU
		{B394B431-0B82-4F71-84EB-D7C55E3B9993}.Debug|Any CPU.ActiveCfg = Debug|Any CPU
		{B394B431-0B82-4F71-84EB-D7C55E3B9993}.Debug|Any CPU.Build.0 = Debug|Any CPU
		{B394B431-0B82-4F71-84EB-D7C55E3B9993}.Release|Any CPU.ActiveCfg = Release|Any CPU
		{B394B431-0B82-4F71-84EB-D7C55E3B9993}.Release|Any CPU.Build.0 = Release|Any CPU
		{66DDF0A9-BFE8-4BAD-BB1F-2750B6C41BE8}.Debug|Any CPU.ActiveCfg = Debug|Any CPU
		{66DDF0A9-BFE8-4BAD-BB1F-2750B6C41BE8}.Debug|Any CPU.Build.0 = Debug|Any CPU
		{66DDF0A9-BFE8-4BAD-BB1F-2750B6C41BE8}.Release|Any CPU.ActiveCfg = Release|Any CPU
		{66DDF0A9-BFE8-4BAD-BB1F-2750B6C41BE8}.Release|Any CPU.Build.0 = Release|Any CPU
		{206132E4-F1DD-432A-BA54-1F5D7FC12611}.Debug|Any CPU.ActiveCfg = Debug|Any CPU
		{206132E4-F1DD-432A-BA54-1F5D7FC12611}.Debug|Any CPU.Build.0 = Debug|Any CPU
		{206132E4-F1DD-432A-BA54-1F5D7FC12611}.Release|Any CPU.ActiveCfg = Release|Any CPU
		{206132E4-F1DD-432A-BA54-1F5D7FC12611}.Release|Any CPU.Build.0 = Release|Any CPU
		{1EE7E28B-057C-4D10-AE40-4CFFEE87B6FC}.Debug|Any CPU.ActiveCfg = Debug|Any CPU
		{1EE7E28B-057C-4D10-AE40-4CFFEE87B6FC}.Debug|Any CPU.Build.0 = Debug|Any CPU
		{1EE7E28B-057C-4D10-AE40-4CFFEE87B6FC}.Release|Any CPU.ActiveCfg = Release|Any CPU
		{1EE7E28B-057C-4D10-AE40-4CFFEE87B6FC}.Release|Any CPU.Build.0 = Release|Any CPU
	EndGlobalSection
EndGlobal
